<?xml version="1.0" encoding="utf-8"?>
<Project ToolsVersion="4.0" xmlns="http://schemas.microsoft.com/developer/msbuild/2003">
  <ItemGroup>
    <Filter Include="Header Files">
      <UniqueIdentifier>{b5ef3361-a92a-4919-b07b-5f905ecedf87}</UniqueIdentifier>
    </Filter>
    <Filter Include="Source Files">
      <UniqueIdentifier>{244d2736-5467-4c7d-b41b-130e149b1df6}</UniqueIdentifier>
    </Filter>
  </ItemGroup>
  <ItemGroup>
    <ClCompile Include="$(MSBuildThisFileDirectory)..\shared\imPlot\implot.cpp">
      <Filter>Source Files</Filter>
    </ClCompile>
    <ClCompile Include="$(MSBuildThisFileDirectory)..\shared\imPlot\implot_items.cpp">
      <Filter>Source Files</Filter>
    </ClCompile>
  </ItemGroup>
  <ItemGroup>
    <ClInclude Include="$(MSBuildThisFileDirectory)..\shared\imPlot\implot.h">
      <Filter>Header Files</Filter>
    </ClInclude>
    <ClInclude Include="$(MSBuildThisFileDirectory)..\shared\imPlot\implot_internal.h">
      <Filter>Header Files</Filter>
    </ClInclude>
  </ItemGroup>
</Project>